
Microsoft Visual Studio Solution File, Format Version 12.00
# Visual Studio Version 17
VisualStudioVersion = 17.6.33717.318
MinimumVisualStudioVersion = 10.0.40219.1
Project("{FAE04EC0-301F-11D3-BF4B-00C04F79EFBC}") = "gitapp", "gitapp\gitapp.csproj", "{885630A9-C6B5-4136-87CB-366E507BA42D}"
EndProject
Global
	GlobalSection(SolutionConfigurationPlatforms) = preSolution
		Debug|Any CPU = Debug|Any CPU
		Release|Any CPU = Release|Any CPU
	EndGlobalSection
	GlobalSection(ProjectConfigurationPlatforms) = postSolution
		{885630A9-C6B5-4136-87CB-366E507BA42D}.Debug|Any CPU.ActiveCfg = Debug|Any CPU
		{885630A9-C6B5-4136-87CB-366E507BA42D}.Debug|Any CPU.Build.0 = Debug|Any CPU
		{885630A9-C6B5-4136-87CB-366E507BA42D}.Release|Any CPU.ActiveCfg = Release|Any CPU
		{885630A9-C6B5-4136-87CB-366E507BA42D}.Release|Any CPU.Build.0 = Release|Any CPU
	EndGlobalSection
	GlobalSection(SolutionProperties) = preSolution
		HideSolutionNode = FALSE
	EndGlobalSection
	GlobalSection(ExtensibilityGlobals) = postSolution
		SolutionGuid = {7A243049-FE79-4439-9418-2BE1659BDF3F}
	EndGlobalSection
EndGlobal
